
Microsoft Visual Studio Solution File, Format Version 12.00
# Visual Studio Version 17
VisualStudioVersion = 17.14.36301.6
MinimumVisualStudioVersion = 10.0.40219.1
Project("{FAE04EC0-301F-11D3-BF4B-00C04F79EFBC}") = "Frontend", "Frontend.csproj", "{8AB66674-6E39-412A-B88D-410970D01E0C}"
EndProject
Global
	GlobalSection(SolutionConfigurationPlatforms) = preSolution
		Debug|Any CPU = Debug|Any CPU
		Release|Any CPU = Release|Any CPU
	EndGlobalSection
	GlobalSection(ProjectConfigurationPlatforms) = postSolution
		{8AB66674-6E39-412A-B88D-410970D01E0C}.Debug|Any CPU.ActiveCfg = Debug|Any CPU
		{8AB66674-6E39-412A-B88D-410970D01E0C}.Debug|Any CPU.Build.0 = Debug|Any CPU
		{8AB66674-6E39-412A-B88D-410970D01E0C}.Release|Any CPU.ActiveCfg = Release|Any CPU
		{8AB66674-6E39-412A-B88D-410970D01E0C}.Release|Any CPU.Build.0 = Release|Any CPU
	EndGlobalSection
	GlobalSection(SolutionProperties) = preSolution
		HideSolutionNode = FALSE
	EndGlobalSection
	GlobalSection(ExtensibilityGlobals) = postSolution
		SolutionGuid = {1EFD337B-BF57-48E9-A5F0-5018B716224E}
	EndGlobalSection
EndGlobal
